PODS:
  - IBMWatsonRestKit (3.0.1)
  - IBMWatsonVisualRecognitionV3 (2.0.2):
    - IBMWatsonRestKit (~> 3.0.0)

DEPENDENCIES:
  - IBMWatsonVisualRecognitionV3 (~> 2.0.2)

SPEC REPOS:
  https://github.com/cocoapods/specs.git:
    - IBMWatsonRestKit
    - IBMWatsonVisualRecognitionV3

SPEC CHECKSUMS:
  IBMWatsonRestKit: 73dbe7b437bfefa6105ccee6795c1ada2ef80594
  IBMWatsonVisualRecognitionV3: 856d72b83497afade86422191734c901359c892f

PODFILE CHECKSUM: c0a7ebb88dfefdd3277edbfa677fd4f0eb1991aa

COCOAPODS: 1.5.3
